// !$*UTF8*$!
{
	archiveVersion = 1;
	classes = {
	};
	objectVersion = 77;
	objects = {

/* Begin PBXContainerItemProxy section */
		F9B0B0B72D8E2F8700590710 /* PBXContainerItemProxy */ = {
			isa = PBXContainerItemProxy;
			containerPortal = F9B0B0982D8E2F8600590710 /* Project object */;
			proxyType = 1;
			remoteGlobalIDString = F9B0B09F2D8E2F8600590710;
			remoteInfo = AbstractApp;
		};
		F9B0B0C12D8E2F8700590710 /* PBXContainerItemProxy */ = {
			isa = PBXContainerItemProxy;
			containerPortal = F9B0B0982D8E2F8600590710 /* Project object */;
			proxyType = 1;
			remoteGlobalIDString = F9B0B09F2D8E2F8600590710;
			remoteInfo = AbstractApp;
		};
/* End PBXContainerItemProxy section */

/* Begin PBXFileReference section */
		F9B0B0A02D8E2F8600590710 /* AbstractApp.app */ = {isa = PBXFileReference; explicitFileType = wrapper.application; includeInIndex = 0; path = AbstractApp.app; sourceTree = BUILT_PRODUCTS_DIR; };
		F9B0B0B62D8E2F8700590710 /* AbstractAppTests.xctest */ = {isa = PBXFileReference; explicitFileType = wrapper.cfbundle; includeInIndex = 0; path = AbstractAppTests.xctest; sourceTree = BUILT_PRODUCTS_DIR; };
		F9B0B0C02D8E2F8700590710 /* AbstractAppUITests.xctest */ = {isa = PBXFileReference; explicitFileType = wrapper.cfbundle; includeInIndex = 0; path = AbstractAppUITests.xctest; sourceTree = BUILT_PRODUCTS_DIR; };
/* End PBXFileReference section */

/* Begin PBXFileSystemSynchronizedBuildFileExceptionSet section */
		F9B0B0C82D8E2F8700590710 /* Exceptions for "AbstractApp" folder in "AbstractApp" target */ = {
			isa = PBXFileSystemSynchronizedBuildFileExceptionSet;
			membershipExceptions = (
				Info.plist,
			);
			target = F9B0B09F2D8E2F8600590710 /* AbstractApp */;
		};
/* End PBXFileSystemSynchronizedBuildFileExceptionSet section */

/* Begin PBXFileSystemSynchronizedRootGroup section */
		F9B0B0A22D8E2F8600590710 /* AbstractApp */ = {
			isa = PBXFileSystemSynchronizedRootGroup;
			exceptions = (
				F9B0B0C82D8E2F8700590710 /* Exceptions for "AbstractApp" folder in "AbstractApp" target */,
			);
			path = AbstractApp;
			sourceTree = "<group>";
		};
		F9B0B0B92D8E2F8700590710 /* AbstractAppTests */ = {
			isa = PBXFileSystemSynchronizedRootGroup;
			path = AbstractAppTests;
			sourceTree = "<group>";
		};
		F9B0B0C32D8E2F8700590710 /* AbstractAppUITests */ = {
			isa = PBXFileSystemSynchronizedRootGroup;
			path = AbstractAppUITests;
			sourceTree = "<group>";
		};
/* End PBXFileSystemSynchronizedRootGroup section */

/* Begin PBXFrameworksBuildPhase section */
		F9B0B09D2D8E2F8600590710 /* Frameworks */ = {
			isa = PBXFrameworksBuildPhase;
			buildActionMask = 2147483647;
			files = (
			);
			runOnlyForDeploymentPostprocessing = 0;
		};
		F9B0B0B32D8E2F8700590710 /* Frameworks */ = {
			isa = PBXFrameworksBuildPhase;
			buildActionMask = 2147483647;
			files = (
			);
			runOnlyForDeploymentPostprocessing = 0;
		};
		F9B0B0BD2D8E2F8700590710 /* Frameworks */ = {
			isa = PBXFrameworksBuildPhase;
			buildActionMask = 2147483647;
			files = (
			);
			runOnlyForDeploymentPostprocessing = 0;
		};
/* End PBXFrameworksBuildPhase section */

/* Begin PBXGroup section */
		F9B0B0972D8E2F8600590710 = {
			isa = PBXGroup;
			children = (
				F9B0B0A22D8E2F8600590710 /* AbstractApp */,
				F9B0B0B92D8E2F8700590710 /* AbstractAppTests */,
				F9B0B0C32D8E2F8700590710 /* AbstractAppUITests */,
				F9B0B0A12D8E2F8600590710 /* Products */,
			);
			sourceTree = "<group>";
		};
		F9B0B0A12D8E2F8600590710 /* Products */ = {
			isa = PBXGroup;
			children = (
				F9B0B0A02D8E2F8600590710 /* AbstractApp.app */,
				F9B0B0B62D8E2F8700590710 /* AbstractAppTests.xctest */,
				F9B0B0C02D8E2F8700590710 /* AbstractAppUITests.xctest */,
			);
			name = Products;
			sourceTree = "<group>";
		};
/* End PBXGroup section */

/* Begin PBXNativeTarget section */
		F9B0B09F2D8E2F8600590710 /* AbstractApp */ = {
			isa = PBXNativeTarget;
			buildConfigurationList = F9B0B0C92D8E2F8700590710 /* Build configuration list for PBXNativeTarget "AbstractApp" */;
			buildPhases = (
				F9B0B09C2D8E2F8600590710 /* Sources */,
				F9B0B09D2D8E2F8600590710 /* Frameworks */,
				F9B0B09E2D8E2F8600590710 /* Resources */,
			);
			buildRules = (
			);
			dependencies = (
			);
			fileSystemSynchronizedGroups = (
				F9B0B0A22D8E2F8600590710 /* AbstractApp */,
			);
			name = AbstractApp;
			packageProductDependencies = (
			);
			productName = AbstractApp;
			productReference = F9B0B0A02D8E2F8600590710 /* AbstractApp.app */;
			productType = "com.apple.product-type.application";
		};
		F9B0B0B52D8E2F8700590710 /* AbstractAppTests */ = {
			isa = PBXNativeTarget;
			buildConfigurationList = F9B0B0CE2D8E2F8700590710 /* Build configuration list for PBXNativeTarget "AbstractAppTests" */;
			buildPhases = (
				F9B0B0B22D8E2F8700590710 /* Sources */,
				F9B0B0B32D8E2F8700590710 /* Frameworks */,
				F9B0B0B42D8E2F8700590710 /* Resources */,
			);
			buildRules = (
			);
			dependencies = (
				F9B0B0B82D8E2F8700590710 /* PBXTargetDependency */,
			);
			fileSystemSynchronizedGroups = (
				F9B0B0B92D8E2F8700590710 /* AbstractAppTests */,
			);
			name = AbstractAppTests;
			packageProductDependencies = (
			);
			productName = AbstractAppTests;
			productReference = F9B0B0B62D8E2F8700590710 /* AbstractAppTests.xctest */;
			productType = "com.apple.product-type.bundle.unit-test";
		};
		F9B0B0BF2D8E2F8700590710 /* AbstractAppUITests */ = {
			isa = PBXNativeTarget;
			buildConfigurationList = F9B0B0D12D8E2F8700590710 /* Build configuration list for PBXNativeTarget "AbstractAppUITests" */;
			buildPhases = (
				F9B0B0BC2D8E2F8700590710 /* Sources */,
				F9B0B0BD2D8E2F8700590710 /* Frameworks */,
				F9B0B0BE2D8E2F8700590710 /* Resources */,
			);
			buildRules = (
			);
			dependencies = (
				F9B0B0C22D8E2F8700590710 /* PBXTargetDependency */,
			);
			fileSystemSynchronizedGroups = (
				F9B0B0C32D8E2F8700590710 /* AbstractAppUITests */,
			);
			name = AbstractAppUITests;
			packageProductDependencies = (
			);
			productName = AbstractAppUITests;
			productReference = F9B0B0C02D8E2F8700590710 /* AbstractAppUITests.xctest */;
			productType = "com.apple.product-type.bundle.ui-testing";
		};
/* End PBXNativeTarget section */

/* Begin PBXProject section */
		F9B0B0982D8E2F8600590710 /* Project object */ = {
			isa = PBXProject;
			attributes = {
				BuildIndependentTargetsInParallel = 1;
				LastSwiftUpdateCheck = 1620;
				LastUpgradeCheck = 1620;
				TargetAttributes = {
					F9B0B09F2D8E2F8600590710 = {
						CreatedOnToolsVersion = 16.2;
					};
					F9B0B0B52D8E2F8700590710 = {
						CreatedOnToolsVersion = 16.2;
						TestTargetID = F9B0B09F2D8E2F8600590710;
					};
					F9B0B0BF2D8E2F8700590710 = {
						CreatedOnToolsVersion = 16.2;
						TestTargetID = F9B0B09F2D8E2F8600590710;
					};
				};
			};
			buildConfigurationList = F9B0B09B2D8E2F8600590710 /* Build configuration list for PBXProject "AbstractApp" */;
			developmentRegion = en;
			hasScannedForEncodings = 0;
			knownRegions = (
				en,
				Base,
			);
			mainGroup = F9B0B0972D8E2F8600590710;
			minimizedProjectReferenceProxies = 1;
			preferredProjectObjectVersion = 77;
			productRefGroup = F9B0B0A12D8E2F8600590710 /* Products */;
			projectDirPath = "";
			projectRoot = "";
			targets = (
				F9B0B09F2D8E2F8600590710 /* AbstractApp */,
				F9B0B0B52D8E2F8700590710 /* AbstractAppTests */,
				F9B0B0BF2D8E2F8700590710 /* AbstractAppUITests */,
			);
		};
/* End PBXProject section */

/* Begin PBXResourcesBuildPhase section */
		F9B0B09E2D8E2F8600590710 /* Resources */ = {
			isa = PBXResourcesBuildPhase;
			buildActionMask = 2147483647;
			files = (
			);
			runOnlyForDeploymentPostprocessing = 0;
		};
		F9B0B0B42D8E2F8700590710 /* Resources */ = {
			isa = PBXResourcesBuildPhase;
			buildActionMask = 2147483647;
			files = (
			);
			runOnlyForDeploymentPostprocessing = 0;
		};
		F9B0B0BE2D8E2F8700590710 /* Resources */ = {
			isa = PBXResourcesBuildPhase;
			buildActionMask = 2147483647;
			files = (
			);
			runOnlyForDeploymentPostprocessing = 0;
		};
/* End PBXResourcesBuildPhase section */

/* Begin PBXSourcesBuildPhase section */
		F9B0B09C2D8E2F8600590710 /* Sources */ = {
			isa = PBXSourcesBuildPhase;
			buildActionMask = 2147483647;
			files = (
			);
			runOnlyForDeploymentPostprocessing = 0;
		};
		F9B0B0B22D8E2F8700590710 /* Sources */ = {
			isa = PBXSourcesBuildPhase;
			buildActionMask = 2147483647;
			files = (
			);
			runOnlyForDeploymentPostprocessing = 0;
		};
		F9B0B0BC2D8E2F8700590710 /* Sources */ = {
			isa = PBXSourcesBuildPhase;
			buildActionMask = 2147483647;
			files = (
			);
			runOnlyForDeploymentPostprocessing = 0;
		};
/* End PBXSourcesBuildPhase section */

/* Begin PBXTargetDependency section */
		F9B0B0B82D8E2F8700590710 /* PBXTargetDependency */ = {
			isa = PBXTargetDependency;
			target = F9B0B09F2D8E2F8600590710 /* AbstractApp */;
			targetProxy = F9B0B0B72D8E2F8700590710 /* PBXContainerItemProxy */;
		};
		F9B0B0C22D8E2F8700590710 /* PBXTargetDependency */ = {
			isa = PBXTargetDependency;
			target = F9B0B09F2D8E2F8600590710 /* AbstractApp */;
			targetProxy = F9B0B0C12D8E2F8700590710 /* PBXContainerItemProxy */;
		};
/* End PBXTargetDependency section */

/* Begin XCBuildConfiguration section */
		F9B0B0CA2D8E2F8700590710 /* Debug */ = {
			isa = XCBuildConfiguration;
			buildSettings = {
				ASSETCATALOG_COMPILER_APPICON_NAME = AppIcon;
				ASSETCATALOG_COMPILER_GLOBAL_ACCENT_COLOR_NAME = AccentColor;
				CODE_SIGN_STYLE = Automatic;
				CURRENT_PROJECT_VERSION = 1;
				DEVELOPMENT_TEAM = K53R7P246F;
				GENERATE_INFOPLIST_FILE = YES;
				INFOPLIST_FILE = AbstractApp/Info.plist;
				INFOPLIST_KEY_UIApplicationSupportsIndirectInputEvents = YES;
				INFOPLIST_KEY_UILaunchStoryboardName = LaunchScreen;
				INFOPLIST_KEY_UIMainStoryboardFile = Main;
				INFOPLIST_KEY_UIStatusBarStyle = "";
				INFOPLIST_KEY_UISupportedInterfaceOrientations_iPad = "UIInterfaceOrientationPortrait UIInterfaceOrientationPortraitUpsideDown UIInterfaceOrientationLandscapeLeft UIInterfaceOrientationLandscapeRight";
				INFOPLIST_KEY_UISupportedInterfaceOrientations_iPhone = "UIInterfaceOrientationPortrait UIInterfaceOrientationLandscapeLeft UIInterfaceOrientationLandscapeRight";
				LD_RUNPATH_SEARCH_PATHS = (
					"$(inherited)",
					"@executable_path/Frameworks",
				);
				MARKETING_VERSION = 1.0;
				PRODUCT_BUNDLE_IDENTIFIER = br.flores.marcio.AbstractApp;
				PRODUCT_NAME = "$(TARGET_NAME)";
				SWIFT_EMIT_LOC_STRINGS = YES;
				SWIFT_VERSION = 5.0;
				TARGETED_DEVICE_FAMILY = "1,2";
			};
			name = Debug;
		};
		F9B0B0CB2D8E2F8700590710 /* Release */ = {
			isa = XCBuildConfiguration;
			buildSettings = {
				ASSETCATALOG_COMPILER_APPICON_NAME = AppIcon;
				ASSETCATALOG_COMPILER_GLOBAL_ACCENT_COLOR_NAME = AccentColor;
				CODE_SIGN_STYLE = Automatic;
				CURRENT_PROJECT_VERSION = 1;
				DEVELOPMENT_TEAM = K53R7P246F;
				GENERATE_INFOPLIST_FILE = YES;
				INFOPLIST_FILE = AbstractApp/Info.plist;
				INFOPLIST_KEY_UIApplicationSupportsIndirectInputEvents = YES;
				INFOPLIST_KEY_UILaunchStoryboardName = LaunchScreen;
				INFOPLIST_KEY_UIMainStoryboardFile = Main;
				INFOPLIST_KEY_UIStatusBarStyle = "";
				INFOPLIST_KEY_UISupportedInterfaceOrientations_iPad = "UIInterfaceOrientationPortrait UIInterfaceOrientationPortraitUpsideDown UIInterfaceOrientationLandscapeLeft UIInterfaceOrientationLandscapeRight";
				INFOPLIST_KEY_UISupportedInterfaceOrientations_iPhone = "UIInterfaceOrientationPortrait UIInterfaceOrientationLandscapeLeft UIInterfaceOrientationLandscapeRight";
				LD_RUNPATH_SEARCH_PATHS = (
					"$(inherited)",
					"@executable_path/Frameworks",
				);
				MARKETING_VERSION = 1.0;
				PRODUCT_BUNDLE_IDENTIFIER = br.flores.marcio.AbstractApp;
				PRODUCT_NAME = "$(TARGET_NAME)";
				SWIFT_EMIT_LOC_STRINGS = YES;
				SWIFT_VERSION = 5.0;
				TARGETED_DEVICE_FAMILY = "1,2";
			};
			name = Release;
		};
		F9B0B0CC2D8E2F8700590710 /* Debug */ = {
			isa = XCBuildConfiguration;
			buildSettings = {
				ALWAYS_SEARCH_USER_PATHS = NO;
				ASSETCATALOG_COMPILER_GENERATE_SWIFT_ASSET_SYMBOL_EXTENSIONS = YES;
				CLANG_ANALYZER_NONNULL = YES;
				CLANG_ANALYZER_NUMBER_OBJECT_CONVERSION = YES_AGGRESSIVE;
				CLANG_CXX_LANGUAGE_STANDARD = "gnu++20";
				CLANG_ENABLE_MODULES = YES;
				CLANG_ENABLE_OBJC_ARC = YES;
				CLANG_ENABLE_OBJC_WEAK = YES;
				CLANG_WARN_BLOCK_CAPTURE_AUTORELEASING = YES;
				CLANG_WARN_BOOL_CONVERSION = YES;
				CLANG_WARN_COMMA = YES;
				CLANG_WARN_CONSTANT_CONVERSION = YES;
				CLANG_WARN_DEPRECATED_OBJC_IMPLEMENTATIONS = YES;
				CLANG_WARN_DIRECT_OBJC_ISA_USAGE = YES_ERROR;
				CLANG_WARN_DOCUMENTATION_COMMENTS = YES;
				CLANG_WARN_EMPTY_BODY = YES;
				CLANG_WARN_ENUM_CONVERSION = YES;
				CLANG_WARN_INFINITE_RECURSION = YES;
				CLANG_WARN_INT_CONVERSION = YES;
				CLANG_WARN_NON_LITERAL_NULL_CONVERSION = YES;
				CLANG_WARN_OBJC_IMPLICIT_RETAIN_SELF = YES;
				CLANG_WARN_OBJC_LITERAL_CONVERSION = YES;
				CLANG_WARN_OBJC_ROOT_CLASS = YES_ERROR;
				CLANG_WARN_QUOTED_INCLUDE_IN_FRAMEWORK_HEADER = YES;
				CLANG_WARN_RANGE_LOOP_ANALYSIS = YES;
				CLANG_WARN_STRICT_PROTOTYPES = YES;
				CLANG_WARN_SUSPICIOUS_MOVE = YES;
				CLANG_WARN_UNGUARDED_AVAILABILITY = YES_AGGRESSIVE;
				CLANG_WARN_UNREACHABLE_CODE = YES;
				CLANG_WARN__DUPLICATE_METHOD_MATCH = YES;
				COPY_PHASE_STRIP = NO;
				DEBUG_INFORMATION_FORMAT = dwarf;
				ENABLE_STRICT_OBJC_MSGSEND = YES;
				ENABLE_TESTABILITY = YES;
				ENABLE_USER_SCRIPT_SANDBOXING = YES;
				GCC_C_LANGUAGE_STANDARD = gnu17;
				GCC_DYNAMIC_NO_PIC = NO;
				GCC_NO_COMMON_BLOCKS = YES;
				GCC_OPTIMIZATION_LEVEL = 0;
				GCC_PREPROCESSOR_DEFINITIONS = (
					"DEBUG=1",
					"$(inherited)",
				);
				GCC_WARN_64_TO_32_BIT_CONVERSION = YES;
				GCC_WARN_ABOUT_RETURN_TYPE = YES_ERROR;
				GCC_WARN_UNDECLARED_SELECTOR = YES;
				GCC_WARN_UNINITIALIZED_AUTOS = YES_AGGRESSIVE;
				GCC_WARN_UNUSED_FUNCTION = YES;
				GCC_WARN_UNUSED_VARIABLE = YES;
				IPHONEOS_DEPLOYMENT_TARGET = 18.2;
				LOCALIZATION_PREFERS_STRING_CATALOGS = YES;
				MTL_ENABLE_DEBUG_INFO = INCLUDE_SOURCE;
				MTL_FAST_MATH = YES;
				ONLY_ACTIVE_ARCH = YES;
				SDKROOT = iphoneos;
				SWIFT_ACTIVE_COMPILATION_CONDITIONS = "DEBUG $(inherited)";
				SWIFT_OPTIMIZATION_LEVEL = "-Onone";
			};
			name = Debug;
		};
		F9B0B0CD2D8E2F8700590710 /* Release */ = {
			isa = XCBuildConfiguration;
			buildSettings = {
				ALWAYS_SEARCH_USER_PATHS = NO;
				ASSETCATALOG_COMPILER_GENERATE_SWIFT_ASSET_SYMBOL_EXTENSIONS = YES;
				CLANG_ANALYZER_NONNULL = YES;
				CLANG_ANALYZER_NUMBER_OBJECT_CONVERSION = YES_AGGRESSIVE;
				CLANG_CXX_LANGUAGE_STANDARD = "gnu++20";
				CLANG_ENABLE_MODULES = YES;
				CLANG_ENABLE_OBJC_ARC = YES;
				CLANG_ENABLE_OBJC_WEAK = YES;
				CLANG_WARN_BLOCK_CAPTURE_AUTORELEASING = YES;
				CLANG_WARN_BOOL_CONVERSION = YES;
				CLANG_WARN_COMMA = YES;
				CLANG_WARN_CONSTANT_CONVERSION = YES;
				CLANG_WARN_DEPRECATED_OBJC_IMPLEMENTATIONS = YES;
				CLANG_WARN_DIRECT_OBJC_ISA_USAGE = YES_ERROR;
				CLANG_WARN_DOCUMENTATION_COMMENTS = YES;
				CLANG_WARN_EMPTY_BODY = YES;
				CLANG_WARN_ENUM_CONVERSION = YES;
				CLANG_WARN_INFINITE_RECURSION = YES;
				CLANG_WARN_INT_CONVERSION = YES;
				CLANG_WARN_NON_LITERAL_NULL_CONVERSION = YES;
				CLANG_WARN_OBJC_IMPLICIT_RETAIN_SELF = YES;
				CLANG_WARN_OBJC_LITERAL_CONVERSION = YES;
				CLANG_WARN_OBJC_ROOT_CLASS = YES_ERROR;
				CLANG_WARN_QUOTED_INCLUDE_IN_FRAMEWORK_HEADER = YES;
				CLANG_WARN_RANGE_LOOP_ANALYSIS = YES;
				CLANG_WARN_STRICT_PROTOTYPES = YES;
				CLANG_WARN_SUSPICIOUS_MOVE = YES;
				CLANG_WARN_UNGUARDED_AVAILABILITY = YES_AGGRESSIVE;
				CLANG_WARN_UNREACHABLE_CODE = YES;
				CLANG_WARN__DUPLICATE_METHOD_MATCH = YES;
				COPY_PHASE_STRIP = NO;
				DEBUG_INFORMATION_FORMAT = "dwarf-with-dsym";
				ENABLE_NS_ASSERTIONS = NO;
				ENABLE_STRICT_OBJC_MSGSEND = YES;
				ENABLE_USER_SCRIPT_SANDBOXING = YES;
				GCC_C_LANGUAGE_STANDARD = gnu17;
				GCC_NO_COMMON_BLOCKS = YES;
				GCC_WARN_64_TO_32_BIT_CONVERSION = YES;
				GCC_WARN_ABOUT_RETURN_TYPE = YES_ERROR;
				GCC_WARN_UNDECLARED_SELECTOR = YES;
				GCC_WARN_UNINITIALIZED_AUTOS = YES_AGGRESSIVE;
				GCC_WARN_UNUSED_FUNCTION = YES;
				GCC_WARN_UNUSED_VARIABLE = YES;
				IPHONEOS_DEPLOYMENT_TARGET = 18.2;
				LOCALIZATION_PREFERS_STRING_CATALOGS = YES;
				MTL_ENABLE_DEBUG_INFO = NO;
				MTL_FAST_MATH = YES;
				SDKROOT = iphoneos;
				SWIFT_COMPILATION_MODE = wholemodule;
				VALIDATE_PRODUCT = YES;
			};
			name = Release;
		};
		F9B0B0CF2D8E2F8700590710 /* Debug */ = {
			isa = XCBuildConfiguration;
			buildSettings = {
				BUNDLE_LOADER = "$(TEST_HOST)";
				CODE_SIGN_STYLE = Automatic;
				CURRENT_PROJECT_VERSION = 1;
				DEVELOPMENT_TEAM = K53R7P246F;
				GENERATE_INFOPLIST_FILE = YES;
				IPHONEOS_DEPLOYMENT_TARGET = 18.2;
				MARKETING_VERSION = 1.0;
				PRODUCT_BUNDLE_IDENTIFIER = br.flores.marcio.AbstractAppTests;
				PRODUCT_NAME = "$(TARGET_NAME)";
				SWIFT_EMIT_LOC_STRINGS = NO;
				SWIFT_VERSION = 5.0;
				TARGETED_DEVICE_FAMILY = "1,2";
				TEST_HOST = "$(BUILT_PRODUCTS_DIR)/AbstractApp.app/$(BUNDLE_EXECUTABLE_FOLDER_PATH)/AbstractApp";
			};
			name = Debug;
		};
		F9B0B0D02D8E2F8700590710 /* Release */ = {
			isa = XCBuildConfiguration;
			buildSettings = {
				BUNDLE_LOADER = "$(TEST_HOST)";
				CODE_SIGN_STYLE = Automatic;
				CURRENT_PROJECT_VERSION = 1;
				DEVELOPMENT_TEAM = K53R7P246F;
				GENERATE_INFOPLIST_FILE = YES;
				IPHONEOS_DEPLOYMENT_TARGET = 18.2;
				MARKETING_VERSION = 1.0;
				PRODUCT_BUNDLE_IDENTIFIER = br.flores.marcio.AbstractAppTests;
				PRODUCT_NAME = "$(TARGET_NAME)";
				SWIFT_EMIT_LOC_STRINGS = NO;
				SWIFT_VERSION = 5.0;
				TARGETED_DEVICE_FAMILY = "1,2";
				TEST_HOST = "$(BUILT_PRODUCTS_DIR)/AbstractApp.app/$(BUNDLE_EXECUTABLE_FOLDER_PATH)/AbstractApp";
			};
			name = Release;
		};
		F9B0B0D22D8E2F8700590710 /* Debug */ = {
			isa = XCBuildConfiguration;
			buildSettings = {
				CODE_SIGN_STYLE = Automatic;
				CURRENT_PROJECT_VERSION = 1;
				DEVELOPMENT_TEAM = K53R7P246F;
				GENERATE_INFOPLIST_FILE = YES;
				MARKETING_VERSION = 1.0;
				PRODUCT_BUNDLE_IDENTIFIER = br.flores.marcio.AbstractAppUITests;
				PRODUCT_NAME = "$(TARGET_NAME)";
				SWIFT_EMIT_LOC_STRINGS = NO;
				SWIFT_VERSION = 5.0;
				TARGETED_DEVICE_FAMILY = "1,2";
				TEST_TARGET_NAME = AbstractApp;
			};
			name = Debug;
		};
		F9B0B0D32D8E2F8700590710 /* Release */ = {
			isa = XCBuildConfiguration;
			buildSettings = {
				CODE_SIGN_STYLE = Automatic;
				CURRENT_PROJECT_VERSION = 1;
				DEVELOPMENT_TEAM = K53R7P246F;
				GENERATE_INFOPLIST_FILE = YES;
				MARKETING_VERSION = 1.0;
				PRODUCT_BUNDLE_IDENTIFIER = br.flores.marcio.AbstractAppUITests;
				PRODUCT_NAME = "$(TARGET_NAME)";
				SWIFT_EMIT_LOC_STRINGS = NO;
				SWIFT_VERSION = 5.0;
				TARGETED_DEVICE_FAMILY = "1,2";
				TEST_TARGET_NAME = AbstractApp;
			};
			name = Release;
		};
/* End XCBuildConfiguration section */

/* Begin XCConfigurationList section */
		F9B0B09B2D8E2F8600590710 /* Build configuration list for PBXProject "AbstractApp" */ = {
			isa = XCConfigurationList;
			buildConfigurations = (
				F9B0B0CC2D8E2F8700590710 /* Debug */,
				F9B0B0CD2D8E2F8700590710 /* Release */,
			);
			defaultConfigurationIsVisible = 0;
			defaultConfigurationName = Release;
		};
		F9B0B0C92D8E2F8700590710 /* Build configuration list for PBXNativeTarget "AbstractApp" */ = {
			isa = XCConfigurationList;
			buildConfigurations = (
				F9B0B0CA2D8E2F8700590710 /* Debug */,
				F9B0B0CB2D8E2F8700590710 /* Release */,
			);
			defaultConfigurationIsVisible = 0;
			defaultConfigurationName = Release;
		};
		F9B0B0CE2D8E2F8700590710 /* Build configuration list for PBXNativeTarget "AbstractAppTests" */ = {
			isa = XCConfigurationList;
			buildConfigurations = (
				F9B0B0CF2D8E2F8700590710 /* Debug */,
				F9B0B0D02D8E2F8700590710 /* Release */,
			);
			defaultConfigurationIsVisible = 0;
			defaultConfigurationName = Release;
		};
		F9B0B0D12D8E2F8700590710 /* Build configuration list for PBXNativeTarget "AbstractAppUITests" */ = {
			isa = XCConfigurationList;
			buildConfigurations = (
				F9B0B0D22D8E2F8700590710 /* Debug */,
				F9B0B0D32D8E2F8700590710 /* Release */,
			);
			defaultConfigurationIsVisible = 0;
			defaultConfigurationName = Release;
		};
/* End XCConfigurationList section */
	};
	rootObject = F9B0B0982D8E2F8600590710 /* Project object */;
}
